
Microsoft Visual Studio Solution File, Format Version 12.00
# Visual Studio Version 17
VisualStudioVersion = 17.8.34525.116
MinimumVisualStudioVersion = 10.0.40219.1
Project("{FAE04EC0-301F-11D3-BF4B-00C04F79EFBC}") = "HotelStaffPortal.Web", "HotelStaffPortal.Web\HotelStaffPortal.Web.csproj", "{FC2E8F37-AE42-4A15-9CC0-373889B7CA0A}"
EndProject
Global
	GlobalSection(SolutionConfigurationPlatforms) = preSolution
		Debug|Any CPU = Debug|Any CPU
		Release|Any CPU = Release|Any CPU
	EndGlobalSection
	GlobalSection(ProjectConfigurationPlatforms) = postSolution
		{FC2E8F37-AE42-4A15-9CC0-373889B7CA0A}.Debug|Any CPU.ActiveCfg = Debug|Any CPU
		{FC2E8F37-AE42-4A15-9CC0-373889B7CA0A}.Debug|Any CPU.Build.0 = Debug|Any CPU
		{FC2E8F37-AE42-4A15-9CC0-373889B7CA0A}.Release|Any CPU.ActiveCfg = Release|Any CPU
		{FC2E8F37-AE42-4A15-9CC0-373889B7CA0A}.Release|Any CPU.Build.0 = Release|Any CPU
	EndGlobalSection
	GlobalSection(SolutionProperties) = preSolution
		HideSolutionNode = FALSE
	EndGlobalSection
	GlobalSection(ExtensibilityGlobals) = postSolution
		SolutionGuid = {49704383-BA8C-4F9B-BE6A-A67E6E7A962B}
	EndGlobalSection
EndGlobal
